
Microsoft Visual Studio Solution File, Format Version 12.00
# Visual Studio Version 17
VisualStudioVersion = 17.10.35122.118
MinimumVisualStudioVersion = 10.0.40219.1
Project("{9A19103F-16F7-4668-BE54-9A1E7A4F7556}") = "KafkaProducer", "KafkaProducer\KafkaProducer.csproj", "{352A3EFC-F031-4E28-8FE8-1FEFC949CAFE}"
EndProject
Project("{FAE04EC0-301F-11D3-BF4B-00C04F79EFBC}") = "KafkaConsumer", "KafkaConsumer\KafkaConsumer.csproj", "{FE81F8D6-66AB-415C-929C-9DF2888679E9}"
EndProject
Project("{FAE04EC0-301F-11D3-BF4B-00C04F79EFBC}") = "Common", "Common\Common.csproj", "{7D7C5288-8265-49DA-8DCB-7F07080C11C5}"
EndProject
Project("{FAE04EC0-301F-11D3-BF4B-00C04F79EFBC}") = "SchemaManager", "Schemas\SchemaManager\SchemaManager.csproj", "{219496CB-1C56-4612-9C09-AF75B335E1A0}"
EndProject
Project("{FAE04EC0-301F-11D3-BF4B-00C04F79EFBC}") = "SchemaGenerator", "Schemas\SchemaGenerator\SchemaGenerator.csproj", "{E5B8C3A2-4D7F-4E8B-9A1C-2F3E5D6A8B9C}"
EndProject
Project("{FAE04EC0-301F-11D3-BF4B-00C04F79EFBC}") = "Schemas", "Schemas\Schemas.csproj", "{8F2A1C3D-7E4B-4A5C-9D6E-1B8F3C2E4A7D}"
EndProject
Global
	GlobalSection(SolutionConfigurationPlatforms) = preSolution
		Debug|Any CPU = Debug|Any CPU
		Debug|x64 = Debug|x64
		Debug|x86 = Debug|x86
		Release|Any CPU = Release|Any CPU
		Release|x64 = Release|x64
		Release|x86 = Release|x86
	EndGlobalSection
	GlobalSection(ProjectConfigurationPlatforms) = postSolution
		{352A3EFC-F031-4E28-8FE8-1FEFC949CAFE}.Debug|Any CPU.ActiveCfg = Debug|Any CPU
		{352A3EFC-F031-4E28-8FE8-1FEFC949CAFE}.Debug|Any CPU.Build.0 = Debug|Any CPU
		{352A3EFC-F031-4E28-8FE8-1FEFC949CAFE}.Debug|x64.ActiveCfg = Debug|Any CPU
		{352A3EFC-F031-4E28-8FE8-1FEFC949CAFE}.Debug|x64.Build.0 = Debug|Any CPU
		{352A3EFC-F031-4E28-8FE8-1FEFC949CAFE}.Debug|x86.ActiveCfg = Debug|Any CPU
		{352A3EFC-F031-4E28-8FE8-1FEFC949CAFE}.Debug|x86.Build.0 = Debug|Any CPU
		{352A3EFC-F031-4E28-8FE8-1FEFC949CAFE}.Release|Any CPU.ActiveCfg = Release|Any CPU
		{352A3EFC-F031-4E28-8FE8-1FEFC949CAFE}.Release|Any CPU.Build.0 = Release|Any CPU
		{352A3EFC-F031-4E28-8FE8-1FEFC949CAFE}.Release|x64.ActiveCfg = Release|Any CPU
		{352A3EFC-F031-4E28-8FE8-1FEFC949CAFE}.Release|x64.Build.0 = Release|Any CPU
		{352A3EFC-F031-4E28-8FE8-1FEFC949CAFE}.Release|x86.ActiveCfg = Release|Any CPU
		{352A3EFC-F031-4E28-8FE8-1FEFC949CAFE}.Release|x86.Build.0 = Release|Any CPU
		{FE81F8D6-66AB-415C-929C-9DF2888679E9}.Debug|Any CPU.ActiveCfg = Debug|Any CPU
		{FE81F8D6-66AB-415C-929C-9DF2888679E9}.Debug|Any CPU.Build.0 = Debug|Any CPU
		{FE81F8D6-66AB-415C-929C-9DF2888679E9}.Debug|x64.ActiveCfg = Debug|Any CPU
		{FE81F8D6-66AB-415C-929C-9DF2888679E9}.Debug|x64.Build.0 = Debug|Any CPU
		{FE81F8D6-66AB-415C-929C-9DF2888679E9}.Debug|x86.ActiveCfg = Debug|Any CPU
		{FE81F8D6-66AB-415C-929C-9DF2888679E9}.Debug|x86.Build.0 = Debug|Any CPU
		{FE81F8D6-66AB-415C-929C-9DF2888679E9}.Release|Any CPU.ActiveCfg = Release|Any CPU
		{FE81F8D6-66AB-415C-929C-9DF2888679E9}.Release|Any CPU.Build.0 = Release|Any CPU
		{FE81F8D6-66AB-415C-929C-9DF2888679E9}.Release|x64.ActiveCfg = Release|Any CPU
		{FE81F8D6-66AB-415C-929C-9DF2888679E9}.Release|x64.Build.0 = Release|Any CPU
		{FE81F8D6-66AB-415C-929C-9DF2888679E9}.Release|x86.ActiveCfg = Release|Any CPU
		{FE81F8D6-66AB-415C-929C-9DF2888679E9}.Release|x86.Build.0 = Release|Any CPU
		{7D7C5288-8265-49DA-8DCB-7F07080C11C5}.Debug|Any CPU.ActiveCfg = Debug|Any CPU
		{7D7C5288-8265-49DA-8DCB-7F07080C11C5}.Debug|Any CPU.Build.0 = Debug|Any CPU
		{7D7C5288-8265-49DA-8DCB-7F07080C11C5}.Debug|x64.ActiveCfg = Debug|Any CPU
		{7D7C5288-8265-49DA-8DCB-7F07080C11C5}.Debug|x64.Build.0 = Debug|Any CPU
		{7D7C5288-8265-49DA-8DCB-7F07080C11C5}.Debug|x86.ActiveCfg = Debug|Any CPU
		{7D7C5288-8265-49DA-8DCB-7F07080C11C5}.Debug|x86.Build.0 = Debug|Any CPU
		{7D7C5288-8265-49DA-8DCB-7F07080C11C5}.Release|Any CPU.ActiveCfg = Release|Any CPU
		{7D7C5288-8265-49DA-8DCB-7F07080C11C5}.Release|Any CPU.Build.0 = Release|Any CPU
		{7D7C5288-8265-49DA-8DCB-7F07080C11C5}.Release|x64.ActiveCfg = Release|Any CPU
		{7D7C5288-8265-49DA-8DCB-7F07080C11C5}.Release|x64.Build.0 = Release|Any CPU
		{7D7C5288-8265-49DA-8DCB-7F07080C11C5}.Release|x86.ActiveCfg = Release|Any CPU
		{7D7C5288-8265-49DA-8DCB-7F07080C11C5}.Release|x86.Build.0 = Release|Any CPU
		{219496CB-1C56-4612-9C09-AF75B335E1A0}.Debug|Any CPU.ActiveCfg = Debug|Any CPU
		{219496CB-1C56-4612-9C09-AF75B335E1A0}.Debug|Any CPU.Build.0 = Debug|Any CPU
		{219496CB-1C56-4612-9C09-AF75B335E1A0}.Debug|x64.ActiveCfg = Debug|Any CPU
		{219496CB-1C56-4612-9C09-AF75B335E1A0}.Debug|x64.Build.0 = Debug|Any CPU
		{219496CB-1C56-4612-9C09-AF75B335E1A0}.Debug|x86.ActiveCfg = Debug|Any CPU
		{219496CB-1C56-4612-9C09-AF75B335E1A0}.Debug|x86.Build.0 = Debug|Any CPU
		{219496CB-1C56-4612-9C09-AF75B335E1A0}.Release|Any CPU.ActiveCfg = Release|Any CPU
		{219496CB-1C56-4612-9C09-AF75B335E1A0}.Release|Any CPU.Build.0 = Release|Any CPU
		{219496CB-1C56-4612-9C09-AF75B335E1A0}.Release|x64.ActiveCfg = Release|Any CPU
		{219496CB-1C56-4612-9C09-AF75B335E1A0}.Release|x64.Build.0 = Release|Any CPU
		{219496CB-1C56-4612-9C09-AF75B335E1A0}.Release|x86.ActiveCfg = Release|Any CPU
		{219496CB-1C56-4612-9C09-AF75B335E1A0}.Release|x86.Build.0 = Release|Any CPU
		{E5B8C3A2-4D7F-4E8B-9A1C-2F3E5D6A8B9C}.Debug|Any CPU.ActiveCfg = Debug|Any CPU
		{E5B8C3A2-4D7F-4E8B-9A1C-2F3E5D6A8B9C}.Debug|Any CPU.Build.0 = Debug|Any CPU
		{E5B8C3A2-4D7F-4E8B-9A1C-2F3E5D6A8B9C}.Debug|x64.ActiveCfg = Debug|Any CPU
		{E5B8C3A2-4D7F-4E8B-9A1C-2F3E5D6A8B9C}.Debug|x64.Build.0 = Debug|Any CPU
		{E5B8C3A2-4D7F-4E8B-9A1C-2F3E5D6A8B9C}.Debug|x86.ActiveCfg = Debug|Any CPU
		{E5B8C3A2-4D7F-4E8B-9A1C-2F3E5D6A8B9C}.Debug|x86.Build.0 = Debug|Any CPU
		{E5B8C3A2-4D7F-4E8B-9A1C-2F3E5D6A8B9C}.Release|Any CPU.ActiveCfg = Release|Any CPU
		{E5B8C3A2-4D7F-4E8B-9A1C-2F3E5D6A8B9C}.Release|Any CPU.Build.0 = Release|Any CPU
		{E5B8C3A2-4D7F-4E8B-9A1C-2F3E5D6A8B9C}.Release|x64.ActiveCfg = Release|Any CPU
		{E5B8C3A2-4D7F-4E8B-9A1C-2F3E5D6A8B9C}.Release|x64.Build.0 = Release|Any CPU
		{E5B8C3A2-4D7F-4E8B-9A1C-2F3E5D6A8B9C}.Release|x86.ActiveCfg = Release|Any CPU
		{E5B8C3A2-4D7F-4E8B-9A1C-2F3E5D6A8B9C}.Release|x86.Build.0 = Release|Any CPU
		{8F2A1C3D-7E4B-4A5C-9D6E-1B8F3C2E4A7D}.Debug|Any CPU.ActiveCfg = Debug|Any CPU
		{8F2A1C3D-7E4B-4A5C-9D6E-1B8F3C2E4A7D}.Debug|Any CPU.Build.0 = Debug|Any CPU
		{8F2A1C3D-7E4B-4A5C-9D6E-1B8F3C2E4A7D}.Debug|x64.ActiveCfg = Debug|Any CPU
		{8F2A1C3D-7E4B-4A5C-9D6E-1B8F3C2E4A7D}.Debug|x64.Build.0 = Debug|Any CPU
		{8F2A1C3D-7E4B-4A5C-9D6E-1B8F3C2E4A7D}.Debug|x86.ActiveCfg = Debug|Any CPU
		{8F2A1C3D-7E4B-4A5C-9D6E-1B8F3C2E4A7D}.Debug|x86.Build.0 = Debug|Any CPU
		{8F2A1C3D-7E4B-4A5C-9D6E-1B8F3C2E4A7D}.Release|Any CPU.ActiveCfg = Release|Any CPU
		{8F2A1C3D-7E4B-4A5C-9D6E-1B8F3C2E4A7D}.Release|Any CPU.Build.0 = Release|Any CPU
		{8F2A1C3D-7E4B-4A5C-9D6E-1B8F3C2E4A7D}.Release|x64.ActiveCfg = Release|Any CPU
		{8F2A1C3D-7E4B-4A5C-9D6E-1B8F3C2E4A7D}.Release|x64.Build.0 = Release|Any CPU
		{8F2A1C3D-7E4B-4A5C-9D6E-1B8F3C2E4A7D}.Release|x86.ActiveCfg = Release|Any CPU
		{8F2A1C3D-7E4B-4A5C-9D6E-1B8F3C2E4A7D}.Release|x86.Build.0 = Release|Any CPU
	EndGlobalSection
	GlobalSection(SolutionProperties) = preSolution
		HideSolutionNode = FALSE
	EndGlobalSection
	GlobalSection(ExtensibilityGlobals) = postSolution
		SolutionGuid = {0531716E-6ECF-4B64-AEA8-4A9D6E3D3987}
	EndGlobalSection
EndGlobal
